# THIS IS AN AUTOGENERATED FILE. DO NOT EDIT THIS FILE DIRECTLY.
# yarn lockfile v1


"@asamuzakjp/css-color@^5.1.11":
  version "5.1.11"
  resolved "https://registry.yarnpkg.com/@asamuzakjp/css-color/-/css-color-5.1.11.tgz#28a0aac8220a4cc19045ac3bd9a813d4060bd375"
  integrity sha512-KVw6qIiCTUQhByfTd78h2yD1/00waTmm9uy/R7Ck/ctUyAPj+AEDLkQIdJW0T8+qGgj3j5bpNKK7Q3G+LedJWg==
  dependencies:
    "@asamuzakjp/generational-cache" "^1.0.1"
    "@csstools/css-calc" "^3.2.0"
    "@csstools/css-color-parser" "^4.1.0"
    "@csstools/css-parser-algorithms" "^4.0.0"
    "@csstools/css-tokenizer" "^4.0.0"

"@asamuzakjp/dom-selector@^7.1.1":
  version "7.1.1"
  resolved "https://registry.yarnpkg.com/@asamuzakjp/dom-selector/-/dom-selector-7.1.1.tgz#01880086bb2490098f167beb58555da1a6c9adbd"
  integrity sha512-67RZDnYRc8H/8MLDgQCDE//zoqVFwajkepHZgmXrbwybzXOEwOWGPYGmALYl9J2DOLfFPPs6kKCqmbzV895hTQ==
  dependencies:
    "@asamuzakjp/generational-cache" "^1.0.1"
    "@asamuzakjp/nwsapi" "^2.3.9"
    bidi-js "^1.0.3"
    css-tree "^3.2.1"
    is-potential-custom-element-name "^1.0.1"

"@asamuzakjp/generational-cache@^1.0.1":
  version "1.0.1"
  resolved "https://registry.yarnpkg.com/@asamuzakjp/generational-cache/-/generational-cache-1.0.1.tgz#3d0bf6be4fc059851390a7070720c6007af793ec"
  integrity sha512-wajfB8KqzMCN2KGNFdLkReeHncd0AslUSrvHVvvYWuU8ghncRJoA50kT3zP9MVL0+9g4/67H+cdvBskj9THPzg==

"@asamuzakjp/nwsapi@^2.3.9":
  version "2.3.9"
  resolved "https://registry.yarnpkg.com/@asamuzakjp/nwsapi/-/nwsapi-2.3.9.tgz#ad5549322dfe9d153d4b4dd6f7ff2ae234b06e24"
  integrity sha512-n8GuYSrI9bF7FFZ/SjhwevlHc8xaVlb/7HmHelnc/PZXBD2ZR49NnN9sMMuDdEGPeeRQ5d0hqlSlEpgCX3Wl0Q==

"@bazel/runfiles@^6.5.0":
  version "6.5.0"
  resolved "https://registry.yarnpkg.com/@bazel/runfiles/-/runfiles-6.5.0.tgz#63cf7b77b91b54873e75f7a08fabec215c6888be"
  integrity sha512-RzahvqTkfpY2jsDxo8YItPX+/iZ6hbiikw1YhE0bA9EKBR5Og8Pa6FHn9PO9M0zaXRVsr0GFQLKbB/0rzy9SzA==

"@bramus/specificity@^2.4.2":
  version "2.4.2"
  resolved "https://registry.yarnpkg.com/@bramus/specificity/-/specificity-2.4.2.tgz#aa8db8eb173fdee7324f82284833106adeecc648"
  integrity sha512-ctxtJ/eA+t+6q2++vj5j7FYX3nRu311q1wfYH3xjlLOsczhlhxAg2FWNUXhpGvAw3BWo1xBcvOV6/YLc2r5FJw==
  dependencies:
    css-tree "^3.0.0"

"@csstools/color-helpers@^6.1.0":
  version "6.1.0"
  resolved "https://registry.yarnpkg.com/@csstools/color-helpers/-/color-helpers-6.1.0.tgz#18903248db1da28285e8458793b038f60d738cf1"
  integrity sha512-064IFJdjTfUqnjpCVpMOdbr8FLQBhinbZj6yRv2An2E41O/pLEXqfFRWqGq/SxlE5PEUYTlvWsG2r8MswAVvkg==

"@csstools/css-calc@^3.2.0", "@csstools/css-calc@^3.3.0":
  version "3.3.0"
  resolved "https://registry.yarnpkg.com/@csstools/css-calc/-/css-calc-3.3.0.tgz#33cc4bdbab8edf1b6e3ab8c1eba849c41a324f1a"
  integrity sha512-c5ihYsPkdG6JCkU2zTMm4+k6r7RXuGxtWYhu5DHMIiF1FHzrfmHL5so11AoFpUv/tu61xfcmT4AmKoFfMPoqdQ==

"@csstools/css-color-parser@^4.1.0":
  version "4.1.10"
  resolved "https://registry.yarnpkg.com/@csstools/css-color-parser/-/css-color-parser-4.1.10.tgz#56f3f5bbed663d7631616a8a8bf34f23b4f9ca77"
  integrity sha512-UZhQLIUyJaaMepqehrCODwCg2KW25vFvLWBmqYFaPclYvvxzj/sG8LBOhBFCp11i9uE7t1EyS+RAoV9tztPFyw==
  dependencies:
    "@csstools/color-helpers" "^6.1.0"
    "@csstools/css-calc" "^3.3.0"

"@csstools/css-parser-algorithms@^4.0.0":
  version "4.0.0"
  resolved "https://registry.yarnpkg.com/@csstools/css-parser-algorithms/-/css-parser-algorithms-4.0.0.tgz#e1c65dc09378b42f26a111fca7f7075fc2c26164"
  integrity sha512-+B87qS7fIG3L5h3qwJ/IFbjoVoOe/bpOdh9hAjXbvx0o8ImEmUsGXN0inFOnk2ChCFgqkkGFQ+TpM5rbhkKe4w==

"@csstools/css-syntax-patches-for-csstree@^1.1.3":
  version "1.1.7"
  resolved "https://registry.yarnpkg.com/@csstools/css-syntax-patches-for-csstree/-/css-syntax-patches-for-csstree-1.1.7.tgz#67a65f4b26766c315ddfd2bdb89ac4c53fdd51e7"
  integrity sha512-fQ+05118eQS1cofO3aJpB5efgpBZMvIzwr/sbC8kDLVA5XLG8q1kJV5yzrUAI1f7lvhPnm8fgIjzFB8/O/5Dig==

"@csstools/css-tokenizer@^4.0.0":
  version "4.0.0"
  resolved "https://registry.yarnpkg.com/@csstools/css-tokenizer/-/css-tokenizer-4.0.0.tgz#798a33950d11226a0ebb6acafa60f5594424967f"
  integrity sha512-QxULHAm7cNu72w97JUNCBFODFaXpbDg+dP8b/oWFAZ2MTRppA3U00Y2L1HqaS4J6yBqxwa/Y3nMBaxVKbB/NsA==

"@exodus/bytes@^1.11.0", "@exodus/bytes@^1.15.0", "@exodus/bytes@^1.6.0":
  version "1.15.1"
  resolved "https://registry.yarnpkg.com/@exodus/bytes/-/bytes-1.15.1.tgz#b13bc464ca162c17abf0837fb3a11aeab79e45d1"
  integrity sha512-S6mL0yNB/Abt9Ei4tq8gDhcczc4S3+vQ4ra7vxnAf+YHC02srtqxKKZghx2Dq6p0e66THKwR6r8N6P95wEty7Q==

"@types/node@*":
  version "26.1.1"
  resolved "https://registry.yarnpkg.com/@types/node/-/node-26.1.1.tgz#bad758d601e97d6cf457d204ee76a35fce7bd119"
  integrity sha512-nxAkRSVkN1Y0JC1W8ky/fTfkGsMmcrRsbx+3XoZE+rMOX71kLYTV7fLXpqud1GpbpP5TuffXFqfX7fH2GgZREw==
  dependencies:
    undici-types "~8.3.0"

"@types/selenium-webdriver@^4.1.28":
  version "4.35.6"
  resolved "https://registry.yarnpkg.com/@types/selenium-webdriver/-/selenium-webdriver-4.35.6.tgz#28acbfaa35d417d730d04a5a59def50bad558387"
  integrity sha512-8nfyMRi4VvkY9QrQGyY/zkleAhnjnmE8YtdEeoCrWe3izp1P9vo9f5VTNRYF0up+l+kn+VuZah+je+bLddNV+g==
  dependencies:
    "@types/node" "*"
    "@types/ws" "*"

"@types/ws@*":
  version "8.18.1"
  resolved "https://registry.yarnpkg.com/@types/ws/-/ws-8.18.1.tgz#48464e4bf2ddfd17db13d845467f6070ffea4aa9"
  integrity sha512-ThVF6DCVhA8kUGy+aazFQ4kXQ7E1Ty7A3ypFOe0IcJV8O/M511G99AW24irKrW56Wt44yG9+ij8FaqoBGkuBXg==
  dependencies:
    "@types/node" "*"

"a11y-core@file:../a11y-core":
  version "1.1.0"
  dependencies:
    jsdom "^29.1.1"

bidi-js@^1.0.3:
  version "1.0.3"
  resolved "https://registry.yarnpkg.com/bidi-js/-/bidi-js-1.0.3.tgz#6f8bcf3c877c4d9220ddf49b9bb6930c88f877d2"
  integrity sha512-RKshQI1R3YQ+n9YJz2QQ147P66ELpa1FQEg20Dk8oW9t2KgLbpDLLp9aGZ7y8WHSshDknG0bknqGw5/tyCs5tw==
  dependencies:
    require-from-string "^2.0.2"

core-util-is@~1.0.0:
  version "1.0.3"
  resolved "https://registry.yarnpkg.com/core-util-is/-/core-util-is-1.0.3.tgz#a6042d3634c2b27e9328f837b965fac83808db85"
  integrity sha512-ZQBvi1DcpJ4GDqanjucZ2Hj3wEO5pZDS89BWbkcrvdxksJorwUDDZamX9ldFkp9aw2lmBDLgkObEA4DWNJ9FYQ==

css-tree@^3.0.0, css-tree@^3.2.1:
  version "3.2.1"
  resolved "https://registry.yarnpkg.com/css-tree/-/css-tree-3.2.1.tgz#86cac7011561272b30e6b1e042ba6ce047aa7518"
  integrity sha512-X7sjQzceUhu1u7Y/ylrRZFU2FS6LRiFVp6rKLPg23y3x3c3DOKAwuXGDp+PAGjh6CSnCjYeAul8pcT8bAl+lSA==
  dependencies:
    mdn-data "2.27.1"
    source-map-js "^1.2.1"

data-urls@^7.0.0:
  version "7.0.0"
  resolved "https://registry.yarnpkg.com/data-urls/-/data-urls-7.0.0.tgz#6dce8b63226a1ecfdd907ce18a8ccfb1eee506d3"
  integrity sha512-23XHcCF+coGYevirZceTVD7NdJOqVn+49IHyxgszm+JIiHLoB2TkmPtsYkNWT1pvRSGkc35L6NHs0yHkN2SumA==
  dependencies:
    whatwg-mimetype "^5.0.0"
    whatwg-url "^16.0.0"

decimal.js@^10.6.0:
  version "10.6.0"
  resolved "https://registry.yarnpkg.com/decimal.js/-/decimal.js-10.6.0.tgz#e649a43e3ab953a72192ff5983865e509f37ed9a"
  integrity sha512-YpgQiITW3JXGntzdUmyUR1V812Hn8T1YVXhCu+wO3OpS4eU9l4YdD3qjyiKdV6mvV29zapkMeD390UVEf2lkUg==

entities@^8.0.0:
  version "8.0.0"
  resolved "https://registry.yarnpkg.com/entities/-/entities-8.0.0.tgz#c1df5fe3602429747fa233d0dd26f142f0ce4743"
  integrity sha512-zwfzJecQ/Uej6tusMqwAqU/6KL2XaB2VZ2Jg54Je6ahNBGNH6Ek6g3jjNCF0fG9EWQKGZNddNjU5F1ZQn/sBnA==

html-encoding-sniffer@^6.0.0:
  version "6.0.0"
  resolved "https://registry.yarnpkg.com/html-encoding-sniffer/-/html-encoding-sniffer-6.0.0.tgz#f8d9390b3b348b50d4f61c16dd2ef5c05980a882"
  integrity sha512-CV9TW3Y3f8/wT0BRFc1/KAVQ3TUHiXmaAb6VW9vtiMFf7SLoMd1PdAc4W3KFOFETBJUb90KatHqlsZMWV+R9Gg==
  dependencies:
    "@exodus/bytes" "^1.6.0"

immediate@~3.0.5:
  version "3.0.6"
  resolved "https://registry.yarnpkg.com/immediate/-/immediate-3.0.6.tgz#9db1dbd0faf8de6fbe0f5dd5e56bb606280de69b"
  integrity sha512-XXOFtyqDjNDAQxVfYxuF7g9Il/IbWmmlQg2MYKOH8ExIT1qg6xc4zyS3HaEEATgs1btfzxq15ciUiY7gjSXRGQ==

inherits@~2.0.3:
  version "2.0.4"
  resolved "https://registry.yarnpkg.com/inherits/-/inherits-2.0.4.tgz#0fa2c64f932917c3433a0ded55363aae37416b7c"
  integrity sha512-k/vGaX4/Yla3WzyMCvTQOXYeIHvqOKtnqBduzTHpzpQZzAskKMhZ2K+EnBiSM9zGSoIFeMpXKxa4dYeZIQqewQ==

is-potential-custom-element-name@^1.0.1:
  version "1.0.1"
  resolved "https://registry.yarnpkg.com/is-potential-custom-element-name/-/is-potential-custom-element-name-1.0.1.tgz#171ed6f19e3ac554394edf78caa05784a45bebb5"
  integrity sha512-bCYeRA2rVibKZd+s2625gGnGF/t7DSqDs4dP7CrLA1m7jKWz6pps0LpYLJN8Q64HtmPKJ1hrN3nzPNKFEKOUiQ==

isarray@~1.0.0:
  version "1.0.0"
  resolved "https://registry.yarnpkg.com/isarray/-/isarray-1.0.0.tgz#bb935d48582cba168c06834957a54a3e07124f11"
  integrity sha512-VLghIWNM6ELQzo7zwmcg0NmTVyWKYjvIeM83yjp0wRDTmUnrM678fQbcKBo6n2CJEF0szoG//ytg+TKla89ALQ==

jsdom@^29.1.1:
  version "29.1.1"
  resolved "https://registry.yarnpkg.com/jsdom/-/jsdom-29.1.1.tgz#5b9704906f3cd510c34aa941ae2f8f7f8179df01"
  integrity sha512-ECi4Fi2f7BdJtUKTflYRTiaMxIB0O6zfR1fX0GXpUrf6flp8QIYn1UT20YQqdSOfk2dfkCwS8LAFoJDEppNK5Q==
  dependencies:
    "@asamuzakjp/css-color" "^5.1.11"
    "@asamuzakjp/dom-selector" "^7.1.1"
    "@bramus/specificity" "^2.4.2"
    "@csstools/css-syntax-patches-for-csstree" "^1.1.3"
    "@exodus/bytes" "^1.15.0"
    css-tree "^3.2.1"
    data-urls "^7.0.0"
    decimal.js "^10.6.0"
    html-encoding-sniffer "^6.0.0"
    is-potential-custom-element-name "^1.0.1"
    lru-cache "^11.3.5"
    parse5 "^8.0.1"
    saxes "^6.0.0"
    symbol-tree "^3.2.4"
    tough-cookie "^6.0.1"
    undici "^7.25.0"
    w3c-xmlserializer "^5.0.0"
    webidl-conversions "^8.0.1"
    whatwg-mimetype "^5.0.0"
    whatwg-url "^16.0.1"
    xml-name-validator "^5.0.0"

jszip@^3.10.1:
  version "3.10.1"
  resolved "https://registry.yarnpkg.com/jszip/-/jszip-3.10.1.tgz#34aee70eb18ea1faec2f589208a157d1feb091c2"
  integrity sha512-xXDvecyTpGLrqFrvkrUSoxxfJI5AH7U8zxxtVclpsUtMCq4JQ290LY8AW5c7Ggnr/Y/oK+bQMbqK2qmtk3pN4g==
  dependencies:
    lie "~3.3.0"
    pako "~1.0.2"
    readable-stream "~2.3.6"
    setimmediate "^1.0.5"

lie@~3.3.0:
  version "3.3.0"
  resolved "https://registry.yarnpkg.com/lie/-/lie-3.3.0.tgz#dcf82dee545f46074daf200c7c1c5a08e0f40f6a"
  integrity sha512-UaiMJzeWRlEujzAuw5LokY1L5ecNQYZKfmyZ9L7wDHb/p5etKaxXhohBcrw0EYby+G/NA52vRSN4N39dxHAIwQ==
  dependencies:
    immediate "~3.0.5"

lru-cache@^11.3.5:
  version "11.5.2"
  resolved "https://registry.yarnpkg.com/lru-cache/-/lru-cache-11.5.2.tgz#00e16665c90c620fba14a3c368732a976493f760"
  integrity sha512-4pfM1Ff0x50o0tQwb5ucw/RzNyD0/YJME6IVcStalZuMWxdt3sR3huStTtxz4PUmvZfRguvDejasvQ2kifR11g==

mdn-data@2.27.1:
  version "2.27.1"
  resolved "https://registry.yarnpkg.com/mdn-data/-/mdn-data-2.27.1.tgz#e37b9c50880b75366c4d40ac63d9bbcacdb61f0e"
  integrity sha512-9Yubnt3e8A0OKwxYSXyhLymGW4sCufcLG6VdiDdUGVkPhpqLxlvP5vl1983gQjJl3tqbrM731mjaZaP68AgosQ==

pako@~1.0.2:
  version "1.0.11"
  resolved "https://registry.yarnpkg.com/pako/-/pako-1.0.11.tgz#6c9599d340d54dfd3946380252a35705a6b992bf"
  integrity sha512-4hLB8Py4zZce5s4yd9XzopqwVv/yGNhV1Bl8NTmCq1763HeK2+EwVTv+leGeL13Dnh2wfbqowVPXCIO0z4taYw==

parse5@^8.0.1:
  version "8.0.1"
  resolved "https://registry.yarnpkg.com/parse5/-/parse5-8.0.1.tgz#f43bcd2cd683efe084075333e9ce0da7d06da31e"
  integrity sha512-z1e/HMG90obSGeidlli3hj7cbocou0/wa5HacvI3ASx34PecNjNQeaHNo5WIZpWofN9kgkqV1q5YvXe3F0FoPw==
  dependencies:
    entities "^8.0.0"

process-nextick-args@~2.0.0:
  version "2.0.1"
  resolved "https://registry.yarnpkg.com/process-nextick-args/-/process-nextick-args-2.0.1.tgz#7820d9b16120cc55ca9ae7792680ae7dba6d7fe2"
  integrity sha512-3ouUOpQhtgrbOa17J7+uxOTpITYWaGP7/AhoR3+A+/1e9skrzelGi/dXzEYyvbxubEF6Wn2ypscTKiKJFFn1ag==

punycode@^2.3.1:
  version "2.3.1"
  resolved "https://registry.yarnpkg.com/punycode/-/punycode-2.3.1.tgz#027422e2faec0b25e1549c3e1bd8309b9133b6e5"
  integrity sha512-vYt7UD1U9Wg6138shLtLOvdAu+8DsC/ilFtEVHcH+wydcSpNE20AfSOduf6MkRFahL5FY7X1oU7nKVZFtfq8Fg==

readable-stream@~2.3.6:
  version "2.3.8"
  resolved "https://registry.yarnpkg.com/readable-stream/-/readable-stream-2.3.8.tgz#91125e8042bba1b9887f49345f6277027ce8be9b"
  integrity sha512-8p0AUk4XODgIewSi0l8Epjs+EVnWiK7NoDIEGU0HhE7+ZyY8D1IMY7odu5lRrFXGg71L15KG8QrPmum45RTtdA==
  dependencies:
    core-util-is "~1.0.0"
    inherits "~2.0.3"
    isarray "~1.0.0"
    process-nextick-args "~2.0.0"
    safe-buffer "~5.1.1"
    string_decoder "~1.1.1"
    util-deprecate "~1.0.1"

require-from-string@^2.0.2:
  version "2.0.2"
  resolved "https://registry.yarnpkg.com/require-from-string/-/require-from-string-2.0.2.tgz#89a7fdd938261267318eafe14f9c32e598c36909"
  integrity sha512-Xf0nWe6RseziFMu+Ap9biiUbmplq6S9/p+7w7YXP/JBHhrUDDUhwa+vANyubuqfZWTveU//DYVGsDG7RKL/vEw==

safe-buffer@~5.1.0, safe-buffer@~5.1.1:
  version "5.1.2"
  resolved "https://registry.yarnpkg.com/safe-buffer/-/safe-buffer-5.1.2.tgz#991ec69d296e0313747d59bdfd2b745c35f8828d"
  integrity sha512-Gd2UZBJDkXlY7GbJxfsE8/nvKkUEU1G38c1siN6QP6a9PT9MmHB8GnpscSmMJSoF8LOIrt8ud/wPtojys4G6+g==

saxes@^6.0.0:
  version "6.0.0"
  resolved "https://registry.yarnpkg.com/saxes/-/saxes-6.0.0.tgz#fe5b4a4768df4f14a201b1ba6a65c1f3d9988cc5"
  integrity sha512-xAg7SOnEhrm5zI3puOOKyy1OMcMlIJZYNJY7xLBwSze0UjhPLnWfj2GF2EpT0jmzaJKIWKHLsaSSajf35bcYnA==
  dependencies:
    xmlchars "^2.2.0"

selenium-webdriver@^4.46.0:
  version "4.46.0"
  resolved "https://registry.yarnpkg.com/selenium-webdriver/-/selenium-webdriver-4.46.0.tgz#5dab03f0f815a481ffbfa056e24de0db1f0020da"
  integrity sha512-UlTkgnx9y+bf3QxFsrgUyMqC2oy1Yf+qcOs7xIC/XfsUPv/ow7Sicx6SJ7AeOn2/Z+xF1M8SLqyn983wipI82w==
  dependencies:
    "@bazel/runfiles" "^6.5.0"
    jszip "^3.10.1"
    tmp "^0.2.7"
    ws "^8.21.0"

setimmediate@^1.0.5:
  version "1.0.5"
  resolved "https://registry.yarnpkg.com/setimmediate/-/setimmediate-1.0.5.tgz#290cbb232e306942d7d7ea9b83732ab7856f8285"
  integrity sha512-MATJdZp8sLqDl/68LfQmbP8zKPLQNV6BIZoIgrscFDQ+RsvK/BxeDQOgyxKKoh0y/8h3BqVFnCqQ/gd+reiIXA==

source-map-js@^1.2.1:
  version "1.2.1"
  resolved "https://registry.yarnpkg.com/source-map-js/-/source-map-js-1.2.1.tgz#1ce5650fddd87abc099eda37dcff024c2667ae46"
  integrity sha512-UXWMKhLOwVKb728IUtQPXxfYU+usdybtUrK/8uGE8CQMvrhOpwvzDBwj0QhSL7MQc7vIsISBG8VQ8+IDQxpfQA==

string_decoder@~1.1.1:
  version "1.1.1"
  resolved "https://registry.yarnpkg.com/string_decoder/-/string_decoder-1.1.1.tgz#9cf1611ba62685d7030ae9e4ba34149c3af03fc8"
  integrity sha512-n/ShnvDi6FHbbVfviro+WojiFzv+s8MPMHBczVePfUpDJLwoLT0ht1l4YwBCbi8pJAveEEdnkHyPyTP/mzRfwg==
  dependencies:
    safe-buffer "~5.1.0"

symbol-tree@^3.2.4:
  version "3.2.4"
  resolved "https://registry.yarnpkg.com/symbol-tree/-/symbol-tree-3.2.4.tgz#430637d248ba77e078883951fb9aa0eed7c63fa2"
  integrity sha512-9QNk5KwDF+Bvz+PyObkmSYjI5ksVUYtjW7AU22r2NKcfLJcXp96hkDWU3+XndOsUb+AQ9QhfzfCT2O+CNWT5Tw==

tldts-core@^7.4.9:
  version "7.4.9"
  resolved "https://registry.yarnpkg.com/tldts-core/-/tldts-core-7.4.9.tgz#8c3e6fc36123b6001290860d2abda6546466980b"
  integrity sha512-DxKfPBI52p2msTEu7MPhdpdDTBhhVQg1a/8PjQckeyAvO13eMYElX545grIp6nnTGIMZlRvFZPvFhvI/WIz2Vg==

tldts@^7.0.5:
  version "7.4.9"
  resolved "https://registry.yarnpkg.com/tldts/-/tldts-7.4.9.tgz#78e72ad3c68fc1ec0626e6528f259dd5307a2629"
  integrity sha512-3kZ8wQQ/k5DrChD4X4FVvr2D7E5uoRgAqkPyLpSCGUvqOvqu+JEdr3mwMUaVWb+vMHZaKhF5fp2PBigKsui7hA==
  dependencies:
    tldts-core "^7.4.9"

tmp@^0.2.7:
  version "0.2.7"
  resolved "https://registry.yarnpkg.com/tmp/-/tmp-0.2.7.tgz#26f4db11d1601ce8012dcb8a798ece1c06a99059"
  integrity sha512-e0votIpp4Uo2AJYSzVHV6xCcawuiez3DzqDAbrTc3YxBkplN6e+dM13ZeIcZnDg/QpSuU2zfZ3rzwY8ukEnaXw==

tough-cookie@^6.0.1:
  version "6.0.2"
  resolved "https://registry.yarnpkg.com/tough-cookie/-/tough-cookie-6.0.2.tgz#7b1f22fcf2daf06c4ff9d53ec1845f44c6627062"
  integrity sha512-exgYmnmL/sJpR3upZfXG5PoatXQii55xAiXGXzY+sROLZ/Y+SLcp9PgJNI9Vz37HpQ74WvDcLT8eqm+kV3FzrA==
  dependencies:
    tldts "^7.0.5"

tr46@^6.0.0:
  version "6.0.0"
  resolved "https://registry.yarnpkg.com/tr46/-/tr46-6.0.0.tgz#f5a1ae546a0adb32a277a2278d0d17fa2f9093e6"
  integrity sha512-bLVMLPtstlZ4iMQHpFHTR7GAGj2jxi8Dg0s2h2MafAE4uSWF98FC/3MomU51iQAMf8/qDUbKWf5GxuvvVcXEhw==
  dependencies:
    punycode "^2.3.1"

undici-types@~8.3.0:
  version "8.3.0"
  resolved "https://registry.yarnpkg.com/undici-types/-/undici-types-8.3.0.tgz#44e9fc9f3244648cdea35e4f9bb2d681e9410809"
  integrity sha512-j375ScV60dom+YkPFIfTLcOiPxkN/buHz5GobjLhixFuANaNs3C9l4GmrWqejgXWJ7BbJcFYpTEUkS1Ge8bpZQ==

undici@^7.25.0:
  version "7.28.0"
  resolved "https://registry.yarnpkg.com/undici/-/undici-7.28.0.tgz#97d64564198b285bc281f0e8e29597e3d11fe7ec"
  integrity sha512-cRZYrTDwWznlnRiPjggAGxZXanty6M8RV1ff8Wm4LWXBp7/IG8v5DnOm74DtUBp9OONpK75YlPnIjQqX0dBDtA==

util-deprecate@~1.0.1:
  version "1.0.2"
  resolved "https://registry.yarnpkg.com/util-deprecate/-/util-deprecate-1.0.2.tgz#450d4dc9fa70de732762fbd2d4a28981419a0ccf"
  integrity sha512-EPD5q1uXyFxJpCrLnCc1nHnq3gOa6DZBocAIiI2TaSCA7VCJ1UJDMagCzIkXNsUYfD1daK//LTEQ8xiIbrHtcw==

w3c-xmlserializer@^5.0.0:
  version "5.0.0"
  resolved "https://registry.yarnpkg.com/w3c-xmlserializer/-/w3c-xmlserializer-5.0.0.tgz#f925ba26855158594d907313cedd1476c5967f6c"
  integrity sha512-o8qghlI8NZHU1lLPrpi2+Uq7abh4GGPpYANlalzWxyWteJOCsr/P+oPBA49TOLu5FTZO4d3F9MnWJfiMo4BkmA==
  dependencies:
    xml-name-validator "^5.0.0"

webidl-conversions@^8.0.1:
  version "8.0.1"
  resolved "https://registry.yarnpkg.com/webidl-conversions/-/webidl-conversions-8.0.1.tgz#0657e571fe6f06fcb15ca50ed1fdbcb495cd1686"
  integrity sha512-BMhLD/Sw+GbJC21C/UgyaZX41nPt8bUTg+jWyDeg7e7YN4xOM05YPSIXceACnXVtqyEw/LMClUQMtMZ+PGGpqQ==

whatwg-mimetype@^5.0.0:
  version "5.0.0"
  resolved "https://registry.yarnpkg.com/whatwg-mimetype/-/whatwg-mimetype-5.0.0.tgz#d8232895dbd527ceaee74efd4162008fb8a8cf48"
  integrity sha512-sXcNcHOC51uPGF0P/D4NVtrkjSU2fNsm9iog4ZvZJsL3rjoDAzXZhkm2MWt1y+PUdggKAYVoMAIYcs78wJ51Cw==

whatwg-url@^16.0.0, whatwg-url@^16.0.1:
  version "16.0.1"
  resolved "https://registry.yarnpkg.com/whatwg-url/-/whatwg-url-16.0.1.tgz#047f7f4bd36ef76b7198c172d1b1cebc66f764dd"
  integrity sha512-1to4zXBxmXHV3IiSSEInrreIlu02vUOvrhxJJH5vcxYTBDAx51cqZiKdyTxlecdKNSjj8EcxGBxNf6Vg+945gw==
  dependencies:
    "@exodus/bytes" "^1.11.0"
    tr46 "^6.0.0"
    webidl-conversions "^8.0.1"

ws@^8.21.0:
  version "8.21.1"
  resolved "https://registry.yarnpkg.com/ws/-/ws-8.21.1.tgz#045650cd4b1207809e7547146223c3814a9af586"
  integrity sha512-+0NTnW77fFN/DjQi6k/Sq/Yvk4Sgajw7urW8V+asjXnRgDs9gyGkdb7EzgfhA4goXsRIZKE28fzIXBHEzhuiWw==

xml-name-validator@^5.0.0:
  version "5.0.0"
  resolved "https://registry.yarnpkg.com/xml-name-validator/-/xml-name-validator-5.0.0.tgz#82be9b957f7afdacf961e5980f1bf227c0bf7673"
  integrity sha512-EvGK8EJ3DhaHfbRlETOWAS5pO9MZITeauHKJyb8wyajUfQUenkIg2MvLDTZ4T/TgIcm3HU0TFBgWWboAZ30UHg==

xmlchars@^2.2.0:
  version "2.2.0"
  resolved "https://registry.yarnpkg.com/xmlchars/-/xmlchars-2.2.0.tgz#060fe1bcb7f9c76fe2a17db86a9bc3ab894210cb"
  integrity sha512-JZnDKK8B0RCDw84FNdDAIpZK+JuJw+s7Lz8nksI7SIuU3UXJJslUthsi+uWBUYOwPFwW7W7PRLRfUKpxjtjFCw==
